
Microsoft Visual Studio Solution File, Format Version 12.00
# Visual Studio Version 16
VisualStudioVersion = 16.0.31321.278
MinimumVisualStudioVersion = 10.0.40219.1
Project("{9A19103F-16F7-4668-BE54-9A1E7A4F7556}") = "HiddenVilla_Server", "HiddenVilla_Server\HiddenVilla_Server.csproj", "{E8305353-0973-407A-A351-CD9556F0D38A}"
EndProject
Project("{2150E333-8FDC-42A3-9474-1A3956D46DE8}") = "Solution Items", "Solution Items", "{5A2962FA-2BB0-480E-A2BA-4B3AA2A7917A}"
	ProjectSection(SolutionItems) = preProject
		.gitignore = .gitignore
	EndProjectSection
EndProject
Global
	GlobalSection(SolutionConfigurationPlatforms) = preSolution
		Debug|Any CPU = Debug|Any CPU
		Release|Any CPU = Release|Any CPU
	EndGlobalSection
	GlobalSection(ProjectConfigurationPlatforms) = postSolution
		{E8305353-0973-407A-A351-CD9556F0D38A}.Debug|Any CPU.ActiveCfg = Debug|Any CPU
		{E8305353-0973-407A-A351-CD9556F0D38A}.Debug|Any CPU.Build.0 = Debug|Any CPU
		{E8305353-0973-407A-A351-CD9556F0D38A}.Release|Any CPU.ActiveCfg = Release|Any CPU
		{E8305353-0973-407A-A351-CD9556F0D38A}.Release|Any CPU.Build.0 = Release|Any CPU
	EndGlobalSection
	GlobalSection(SolutionProperties) = preSolution
		HideSolutionNode = FALSE
	EndGlobalSection
	GlobalSection(ExtensibilityGlobals) = postSolution
		SolutionGuid = {E25C4573-6A73-4969-BDD5-13E45A5F69FC}
	EndGlobalSection
EndGlobal
