
Microsoft Visual Studio Solution File, Format Version 12.00
# Visual Studio Version 17
VisualStudioVersion = 17.1.32328.378
MinimumVisualStudioVersion = 10.0.40219.1
Project("{9A19103F-16F7-4668-BE54-9A1E7A4F7556}") = "HiddenVilla_Server", "HiddenVilla_Server\HiddenVilla_Server.csproj", "{E8305353-0973-407A-A351-CD9556F0D38A}"
EndProject
Project("{2150E333-8FDC-42A3-9474-1A3956D46DE8}") = "Solution Items", "Solution Items", "{5A2962FA-2BB0-480E-A2BA-4B3AA2A7917A}"
	ProjectSection(SolutionItems) = preProject
		.gitignore = .gitignore
	EndProjectSection
EndProject
Project("{9A19103F-16F7-4668-BE54-9A1E7A4F7556}") = "DataAccess", "DataAccess\DataAccess.csproj", "{1D10572A-BD66-4DBB-B213-320C19269829}"
EndProject
Project("{9A19103F-16F7-4668-BE54-9A1E7A4F7556}") = "Common", "Common\Common.csproj", "{9255BF8B-255A-47A7-84AD-5627C64EE0E7}"
EndProject
Project("{9A19103F-16F7-4668-BE54-9A1E7A4F7556}") = "Business", "Business\Business.csproj", "{50EE1120-D386-4D2B-80F7-1A34825063E1}"
EndProject
Project("{9A19103F-16F7-4668-BE54-9A1E7A4F7556}") = "Models", "Models\Models.csproj", "{B7B56B62-8A0A-4F98-B969-B50FF4A79B23}"
EndProject
Global
	GlobalSection(SolutionConfigurationPlatforms) = preSolution
		Debug|Any CPU = Debug|Any CPU
		Release|Any CPU = Release|Any CPU
	EndGlobalSection
	GlobalSection(ProjectConfigurationPlatforms) = postSolution
		{E8305353-0973-407A-A351-CD9556F0D38A}.Debug|Any CPU.ActiveCfg = Debug|Any CPU
		{E8305353-0973-407A-A351-CD9556F0D38A}.Debug|Any CPU.Build.0 = Debug|Any CPU
		{E8305353-0973-407A-A351-CD9556F0D38A}.Release|Any CPU.ActiveCfg = Release|Any CPU
		{E8305353-0973-407A-A351-CD9556F0D38A}.Release|Any CPU.Build.0 = Release|Any CPU
		{1D10572A-BD66-4DBB-B213-320C19269829}.Debug|Any CPU.ActiveCfg = Debug|Any CPU
		{1D10572A-BD66-4DBB-B213-320C19269829}.Debug|Any CPU.Build.0 = Debug|Any CPU
		{1D10572A-BD66-4DBB-B213-320C19269829}.Release|Any CPU.ActiveCfg = Release|Any CPU
		{1D10572A-BD66-4DBB-B213-320C19269829}.Release|Any CPU.Build.0 = Release|Any CPU
		{9255BF8B-255A-47A7-84AD-5627C64EE0E7}.Debug|Any CPU.ActiveCfg = Debug|Any CPU
		{9255BF8B-255A-47A7-84AD-5627C64EE0E7}.Debug|Any CPU.Build.0 = Debug|Any CPU
		{9255BF8B-255A-47A7-84AD-5627C64EE0E7}.Release|Any CPU.ActiveCfg = Release|Any CPU
		{9255BF8B-255A-47A7-84AD-5627C64EE0E7}.Release|Any CPU.Build.0 = Release|Any CPU
		{50EE1120-D386-4D2B-80F7-1A34825063E1}.Debug|Any CPU.ActiveCfg = Debug|Any CPU
		{50EE1120-D386-4D2B-80F7-1A34825063E1}.Debug|Any CPU.Build.0 = Debug|Any CPU
		{50EE1120-D386-4D2B-80F7-1A34825063E1}.Release|Any CPU.ActiveCfg = Release|Any CPU
		{50EE1120-D386-4D2B-80F7-1A34825063E1}.Release|Any CPU.Build.0 = Release|Any CPU
		{B7B56B62-8A0A-4F98-B969-B50FF4A79B23}.Debug|Any CPU.ActiveCfg = Debug|Any CPU
		{B7B56B62-8A0A-4F98-B969-B50FF4A79B23}.Debug|Any CPU.Build.0 = Debug|Any CPU
		{B7B56B62-8A0A-4F98-B969-B50FF4A79B23}.Release|Any CPU.ActiveCfg = Release|Any CPU
		{B7B56B62-8A0A-4F98-B969-B50FF4A79B23}.Release|Any CPU.Build.0 = Release|Any CPU
	EndGlobalSection
	GlobalSection(SolutionProperties) = preSolution
		HideSolutionNode = FALSE
	EndGlobalSection
	GlobalSection(ExtensibilityGlobals) = postSolution
		SolutionGuid = {E25C4573-6A73-4969-BDD5-13E45A5F69FC}
	EndGlobalSection
EndGlobal
